// !$*UTF8*$!
{
	archiveVersion = 1;
	classes = {
	};
	objectVersion = 77;
	objects = {

/* Begin PBXBuildFile section */
		307B14809548D349362F115E /* TencentMapFactory.swift in Sources */ = {isa = PBXBuildFile; fileRef = 4CEF71A3109012D6D2F1D87E /* TencentMapFactory.swift */; };
		418213BDF563B99D32430A6D /* tenant.json in Resources */ = {isa = PBXBuildFile; fileRef = 6B9DA9C0410FE080C1406B82 /* tenant.json */; };
		67E6FC7950AA9FD5400BE1F5 /* TencentMapHost.swift in Sources */ = {isa = PBXBuildFile; fileRef = 668E201206BB57406F80C8E7 /* TencentMapHost.swift */; };
		74F9672850EA6FCD00D9D252 /* RiderAppHostApp.swift in Sources */ = {isa = PBXBuildFile; fileRef = B01C66D544ED906CB0E85439 /* RiderAppHostApp.swift */; };
		7C1B5E8EC235397500BC6D5D /* Pods_RiderAppHost.framework in Frameworks */ = {isa = PBXBuildFile; fileRef = 8F3FE0483DA6B55A4CFB5ED7 /* Pods_RiderAppHost.framework */; };
		D3118D670D958450B2D0B0C6 /* ContentView.swift in Sources */ = {isa = PBXBuildFile; fileRef = 7CA4A59A438F4EBBBE54304F /* ContentView.swift */; };
/* End PBXBuildFile section */

/* Begin PBXFileReference section */
		03C8225286603189F5339D9E /* Pods-RiderAppHost.debug.xcconfig */ = {isa = PBXFileReference; includeInIndex = 1; lastKnownFileType = text.xcconfig; name = "Pods-RiderAppHost.debug.xcconfig"; path = "Target Support Files/Pods-RiderAppHost/Pods-RiderAppHost.debug.xcconfig"; sourceTree = "<group>"; };
		0695EDF282C1FF4AA0932050 /* RiderAppHost-Bridging-Header.h */ = {isa = PBXFileReference; lastKnownFileType = sourcecode.c.h; path = "RiderAppHost-Bridging-Header.h"; sourceTree = "<group>"; };
		06E0BA58E794C1E61533B0F3 /* Pods-RiderAppHost.release.xcconfig */ = {isa = PBXFileReference; includeInIndex = 1; lastKnownFileType = text.xcconfig; name = "Pods-RiderAppHost.release.xcconfig"; path = "Target Support Files/Pods-RiderAppHost/Pods-RiderAppHost.release.xcconfig"; sourceTree = "<group>"; };
		4CEF71A3109012D6D2F1D87E /* TencentMapFactory.swift */ = {isa = PBXFileReference; lastKnownFileType = sourcecode.swift; path = TencentMapFactory.swift; sourceTree = "<group>"; };
		61A53C200B6A6C6708DD6931 /* Info.plist */ = {isa = PBXFileReference; lastKnownFileType = text.plist; path = Info.plist; sourceTree = "<group>"; };
		668E201206BB57406F80C8E7 /* TencentMapHost.swift */ = {isa = PBXFileReference; lastKnownFileType = sourcecode.swift; path = TencentMapHost.swift; sourceTree = "<group>"; };
		6B9DA9C0410FE080C1406B82 /* tenant.json */ = {isa = PBXFileReference; lastKnownFileType = text.json; path = tenant.json; sourceTree = "<group>"; };
		7CA4A59A438F4EBBBE54304F /* ContentView.swift */ = {isa = PBXFileReference; lastKnownFileType = sourcecode.swift; path = ContentView.swift; sourceTree = "<group>"; };
		8F3FE0483DA6B55A4CFB5ED7 /* Pods_RiderAppHost.framework */ = {isa = PBXFileReference; explicitFileType = wrapper.framework; includeInIndex = 0; path = Pods_RiderAppHost.framework; sourceTree = BUILT_PRODUCTS_DIR; };
		B01C66D544ED906CB0E85439 /* RiderAppHostApp.swift */ = {isa = PBXFileReference; lastKnownFileType = sourcecode.swift; path = RiderAppHostApp.swift; sourceTree = "<group>"; };
		DC1DFFED81D7C88C902DF288 /* RiderAppHost.app */ = {isa = PBXFileReference; includeInIndex = 0; lastKnownFileType = wrapper.application; path = RiderAppHost.app; sourceTree = BUILT_PRODUCTS_DIR; };
/* End PBXFileReference section */

/* Begin PBXFrameworksBuildPhase section */
		D96D6733F486256060DD4C1D /* Frameworks */ = {
			isa = PBXFrameworksBuildPhase;
			buildActionMask = 2147483647;
			files = (
				7C1B5E8EC235397500BC6D5D /* Pods_RiderAppHost.framework in Frameworks */,
			);
			runOnlyForDeploymentPostprocessing = 0;
		};
/* End PBXFrameworksBuildPhase section */

/* Begin PBXGroup section */
		0DDABA11AEE480B8FB60142C /* Frameworks */ = {
			isa = PBXGroup;
			children = (
				8F3FE0483DA6B55A4CFB5ED7 /* Pods_RiderAppHost.framework */,
			);
			name = Frameworks;
			sourceTree = "<group>";
		};
		0E1A3529F06BD02938477F2F /* RiderAppHost */ = {
			isa = PBXGroup;
			children = (
				7CA4A59A438F4EBBBE54304F /* ContentView.swift */,
				61A53C200B6A6C6708DD6931 /* Info.plist */,
				0695EDF282C1FF4AA0932050 /* RiderAppHost-Bridging-Header.h */,
				B01C66D544ED906CB0E85439 /* RiderAppHostApp.swift */,
				6B9DA9C0410FE080C1406B82 /* tenant.json */,
				4CEF71A3109012D6D2F1D87E /* TencentMapFactory.swift */,
				668E201206BB57406F80C8E7 /* TencentMapHost.swift */,
			);
			path = RiderAppHost;
			sourceTree = "<group>";
		};
		4622DB3571AFBD56773954E3 = {
			isa = PBXGroup;
			children = (
				0E1A3529F06BD02938477F2F /* RiderAppHost */,
				8AE89B8C9CCEAFB5630790C9 /* Products */,
				99B1255EFD9E779D5F052132 /* Pods */,
				0DDABA11AEE480B8FB60142C /* Frameworks */,
			);
			sourceTree = "<group>";
		};
		8AE89B8C9CCEAFB5630790C9 /* Products */ = {
			isa = PBXGroup;
			children = (
				DC1DFFED81D7C88C902DF288 /* RiderAppHost.app */,
			);
			name = Products;
			sourceTree = "<group>";
		};
		99B1255EFD9E779D5F052132 /* Pods */ = {
			isa = PBXGroup;
			children = (
				03C8225286603189F5339D9E /* Pods-RiderAppHost.debug.xcconfig */,
				06E0BA58E794C1E61533B0F3 /* Pods-RiderAppHost.release.xcconfig */,
			);
			name = Pods;
			path = Pods;
			sourceTree = "<group>";
		};
/* End PBXGroup section */

/* Begin PBXNativeTarget section */
		CE5C780B15A27C1D12699A53 /* RiderAppHost */ = {
			isa = PBXNativeTarget;
			buildConfigurationList = D953DA027F478AE062017936 /* Build configuration list for PBXNativeTarget "RiderAppHost" */;
			buildPhases = (
				DEE4057D0033C2CA7C36D45E /* [CP] Check Pods Manifest.lock */,
				4B0402849ADAB706DE5B94FB /* Sources */,
				FCA9FE9D4EB8C7D49C63A8C1 /* Resources */,
				D96D6733F486256060DD4C1D /* Frameworks */,
				37DF3762F5561E449255540A /* [CP] Copy Pods Resources */,
			);
			buildRules = (
			);
			dependencies = (
			);
			name = RiderAppHost;
			productName = RiderAppHost;
			productReference = DC1DFFED81D7C88C902DF288 /* RiderAppHost.app */;
			productType = "com.apple.product-type.application";
		};
/* End PBXNativeTarget section */

/* Begin PBXProject section */
		1EB51AF51FF899AC119E708E /* Project object */ = {
			isa = PBXProject;
			attributes = {
				BuildIndependentTargetsInParallel = YES;
				LastUpgradeCheck = 1430;
				TargetAttributes = {
				};
			};
			buildConfigurationList = 0FE35DF534A333F911F6112A /* Build configuration list for PBXProject "RiderAppHost" */;
			developmentRegion = en;
			hasScannedForEncodings = 0;
			knownRegions = (
				Base,
				en,
			);
			mainGroup = 4622DB3571AFBD56773954E3;
			minimizedProjectReferenceProxies = 1;
			preferredProjectObjectVersion = 77;
			productRefGroup = 8AE89B8C9CCEAFB5630790C9 /* Products */;
			projectDirPath = "";
			projectRoot = "";
			targets = (
				CE5C780B15A27C1D12699A53 /* RiderAppHost */,
			);
		};
/* End PBXProject section */

/* Begin PBXResourcesBuildPhase section */
		FCA9FE9D4EB8C7D49C63A8C1 /* Resources */ = {
			isa = PBXResourcesBuildPhase;
			buildActionMask = 2147483647;
			files = (
				418213BDF563B99D32430A6D /* tenant.json in Resources */,
			);
			runOnlyForDeploymentPostprocessing = 0;
		};
/* End PBXResourcesBuildPhase section */

/* Begin PBXShellScriptBuildPhase section */
		37DF3762F5561E449255540A /* [CP] Copy Pods Resources */ = {
			isa = PBXShellScriptBuildPhase;
			buildActionMask = 2147483647;
			files = (
			);
			inputFileListPaths = (
				"${PODS_ROOT}/Target Support Files/Pods-RiderAppHost/Pods-RiderAppHost-resources-${CONFIGURATION}-input-files.xcfilelist",
			);
			name = "[CP] Copy Pods Resources";
			outputFileListPaths = (
				"${PODS_ROOT}/Target Support Files/Pods-RiderAppHost/Pods-RiderAppHost-resources-${CONFIGURATION}-output-files.xcfilelist",
			);
			runOnlyForDeploymentPostprocessing = 0;
			shellPath = /bin/sh;
			shellScript = "\"${PODS_ROOT}/Target Support Files/Pods-RiderAppHost/Pods-RiderAppHost-resources.sh\"\n";
			showEnvVarsInLog = 0;
		};
		DEE4057D0033C2CA7C36D45E /* [CP] Check Pods Manifest.lock */ = {
			isa = PBXShellScriptBuildPhase;
			buildActionMask = 2147483647;
			files = (
			);
			inputFileListPaths = (
			);
			inputPaths = (
				"${PODS_PODFILE_DIR_PATH}/Podfile.lock",
				"${PODS_ROOT}/Manifest.lock",
			);
			name = "[CP] Check Pods Manifest.lock";
			outputFileListPaths = (
			);
			outputPaths = (
				"$(DERIVED_FILE_DIR)/Pods-RiderAppHost-checkManifestLockResult.txt",
			);
			runOnlyForDeploymentPostprocessing = 0;
			shellPath = /bin/sh;
			shellScript = "diff \"${PODS_PODFILE_DIR_PATH}/Podfile.lock\" \"${PODS_ROOT}/Manifest.lock\" > /dev/null\nif [ $? != 0 ] ; then\n    # print error to STDERR\n    echo \"error: The sandbox is not in sync with the Podfile.lock. Run 'pod install' or update your CocoaPods installation.\" >&2\n    exit 1\nfi\n# This output is used by Xcode 'outputs' to avoid re-running this script phase.\necho \"SUCCESS\" > \"${SCRIPT_OUTPUT_FILE_0}\"\n";
			showEnvVarsInLog = 0;
		};
/* End PBXShellScriptBuildPhase section */

/* Begin PBXSourcesBuildPhase section */
		4B0402849ADAB706DE5B94FB /* Sources */ = {
			isa = PBXSourcesBuildPhase;
			buildActionMask = 2147483647;
			files = (
				D3118D670D958450B2D0B0C6 /* ContentView.swift in Sources */,
				74F9672850EA6FCD00D9D252 /* RiderAppHostApp.swift in Sources */,
				307B14809548D349362F115E /* TencentMapFactory.swift in Sources */,
				67E6FC7950AA9FD5400BE1F5 /* TencentMapHost.swift in Sources */,
			);
			runOnlyForDeploymentPostprocessing = 0;
		};
/* End PBXSourcesBuildPhase section */

/* Begin XCBuildConfiguration section */
		1FA049DA7656A8C4EA0AFFD6 /* Release */ = {
			isa = XCBuildConfiguration;
			buildSettings = {
				ALWAYS_SEARCH_USER_PATHS = NO;
				CLANG_ANALYZER_NONNULL = YES;
				CLANG_ANALYZER_NUMBER_OBJECT_CONVERSION = YES_AGGRESSIVE;
				CLANG_CXX_LANGUAGE_STANDARD = "gnu++14";
				CLANG_CXX_LIBRARY = "libc++";
				CLANG_ENABLE_MODULES = YES;
				CLANG_ENABLE_OBJC_ARC = YES;
				CLANG_ENABLE_OBJC_WEAK = YES;
				CLANG_WARN_BLOCK_CAPTURE_AUTORELEASING = YES;
				CLANG_WARN_BOOL_CONVERSION = YES;
				CLANG_WARN_COMMA = YES;
				CLANG_WARN_CONSTANT_CONVERSION = YES;
				CLANG_WARN_DEPRECATED_OBJC_IMPLEMENTATIONS = YES;
				CLANG_WARN_DIRECT_OBJC_ISA_USAGE = YES_ERROR;
				CLANG_WARN_DOCUMENTATION_COMMENTS = YES;
				CLANG_WARN_EMPTY_BODY = YES;
				CLANG_WARN_ENUM_CONVERSION = YES;
				CLANG_WARN_INFINITE_RECURSION = YES;
				CLANG_WARN_INT_CONVERSION = YES;
				CLANG_WARN_NON_LITERAL_NULL_CONVERSION = YES;
				CLANG_WARN_OBJC_IMPLICIT_RETAIN_SELF = YES;
				CLANG_WARN_OBJC_LITERAL_CONVERSION = YES;
				CLANG_WARN_OBJC_ROOT_CLASS = YES_ERROR;
				CLANG_WARN_QUOTED_INCLUDE_IN_FRAMEWORK_HEADER = YES;
				CLANG_WARN_RANGE_LOOP_ANALYSIS = YES;
				CLANG_WARN_STRICT_PROTOTYPES = YES;
				CLANG_WARN_SUSPICIOUS_MOVE = YES;
				CLANG_WARN_UNGUARDED_AVAILABILITY = YES_AGGRESSIVE;
				CLANG_WARN_UNREACHABLE_CODE = YES;
				CLANG_WARN__DUPLICATE_METHOD_MATCH = YES;
				COPY_PHASE_STRIP = NO;
				DEBUG_INFORMATION_FORMAT = "dwarf-with-dsym";
				ENABLE_NS_ASSERTIONS = NO;
				ENABLE_STRICT_OBJC_MSGSEND = YES;
				GCC_C_LANGUAGE_STANDARD = gnu11;
				GCC_NO_COMMON_BLOCKS = YES;
				GCC_WARN_64_TO_32_BIT_CONVERSION = YES;
				GCC_WARN_ABOUT_RETURN_TYPE = YES_ERROR;
				GCC_WARN_UNDECLARED_SELECTOR = YES;
				GCC_WARN_UNINITIALIZED_AUTOS = YES_AGGRESSIVE;
				GCC_WARN_UNUSED_FUNCTION = YES;
				GCC_WARN_UNUSED_VARIABLE = YES;
				IPHONEOS_DEPLOYMENT_TARGET = 18.0;
				MTL_ENABLE_DEBUG_INFO = NO;
				MTL_FAST_MATH = YES;
				PRODUCT_NAME = "$(TARGET_NAME)";
				SDKROOT = iphoneos;
				SWIFT_COMPILATION_MODE = wholemodule;
				SWIFT_OPTIMIZATION_LEVEL = "-O";
				SWIFT_VERSION = 5.0;
				TARGETED_DEVICE_FAMILY = "1,2";
			};
			name = Release;
		};
		3187286F0FB87E53DA1E016D /* Debug */ = {
			isa = XCBuildConfiguration;
			baseConfigurationReference = 03C8225286603189F5339D9E /* Pods-RiderAppHost.debug.xcconfig */;
			buildSettings = {
				ASSETCATALOG_COMPILER_APPICON_NAME = AppIcon;
				CODE_SIGN_IDENTITY = "iPhone Developer";
				COMPRESS_PNG_FILES = NO;
				ENABLE_DEBUG_DYLIB = NO;
				ENABLE_USER_SCRIPT_SANDBOXING = NO;
				"FRAMEWORK_SEARCH_PATHS[sdk=iphoneos*]" = (
					"$(inherited)",
					"$(SRCROOT)/../sharedUi/build/bin/iosArm64/debugFramework",
					"$(SRCROOT)/../sharedUi/build/bin/iosArm64/releaseFramework",
				);
				"FRAMEWORK_SEARCH_PATHS[sdk=iphonesimulator*]" = (
					"$(inherited)",
					"$(SRCROOT)/../sharedUi/build/bin/iosSimulatorArm64/debugFramework",
					"$(SRCROOT)/../sharedUi/build/bin/iosSimulatorArm64/releaseFramework",
				);
				INFOPLIST_FILE = RiderAppHost/Info.plist;
				LD_RUNPATH_SEARCH_PATHS = (
					"$(inherited)",
					"@executable_path/Frameworks",
				);
				ONLY_ACTIVE_ARCH = YES;
				OTHER_LDFLAGS = (
					"$(inherited)",
					"-framework",
					SharedUi,
				);
				PRODUCT_BUNDLE_IDENTIFIER = com.luopingtech.ebike.rider.demo;
				PRODUCT_NAME = RiderAppHost;
				SDKROOT = iphoneos;
				STRIP_PNG_TEXT = NO;
				"SWIFT_ACTIVE_COMPILATION_CONDITIONS[sdk=iphoneos*]" = "$(inherited) RIDER_TENCENT_MAP";
				SWIFT_OBJC_BRIDGING_HEADER = "RiderAppHost/RiderAppHost-Bridging-Header.h";
				TARGETED_DEVICE_FAMILY = "1,2";
			};
			name = Debug;
		};
		353F2C5DB2B76E080892CAD9 /* Release */ = {
			isa = XCBuildConfiguration;
			baseConfigurationReference = 06E0BA58E794C1E61533B0F3 /* Pods-RiderAppHost.release.xcconfig */;
			buildSettings = {
				ASSETCATALOG_COMPILER_APPICON_NAME = AppIcon;
				CODE_SIGN_IDENTITY = "iPhone Developer";
				COMPRESS_PNG_FILES = NO;
				ENABLE_DEBUG_DYLIB = NO;
				ENABLE_USER_SCRIPT_SANDBOXING = NO;
				"FRAMEWORK_SEARCH_PATHS[sdk=iphoneos*]" = (
					"$(inherited)",
					"$(SRCROOT)/../sharedUi/build/bin/iosArm64/releaseFramework",
				);
				"FRAMEWORK_SEARCH_PATHS[sdk=iphonesimulator*]" = (
					"$(inherited)",
					"$(SRCROOT)/../sharedUi/build/bin/iosSimulatorArm64/releaseFramework",
				);
				INFOPLIST_FILE = RiderAppHost/Info.plist;
				LD_RUNPATH_SEARCH_PATHS = (
					"$(inherited)",
					"@executable_path/Frameworks",
				);
				ONLY_ACTIVE_ARCH = YES;
				OTHER_LDFLAGS = (
					"$(inherited)",
					"-framework",
					SharedUi,
				);
				PRODUCT_BUNDLE_IDENTIFIER = com.luopingtech.ebike.rider.demo;
				PRODUCT_NAME = RiderAppHost;
				SDKROOT = iphoneos;
				STRIP_PNG_TEXT = NO;
				"SWIFT_ACTIVE_COMPILATION_CONDITIONS[sdk=iphoneos*]" = "$(inherited) RIDER_TENCENT_MAP";
				SWIFT_OBJC_BRIDGING_HEADER = "RiderAppHost/RiderAppHost-Bridging-Header.h";
				TARGETED_DEVICE_FAMILY = "1,2";
			};
			name = Release;
		};
		5EB3F27926233CABD258F14A /* Debug */ = {
			isa = XCBuildConfiguration;
			buildSettings = {
				ALWAYS_SEARCH_USER_PATHS = NO;
				CLANG_ANALYZER_NONNULL = YES;
				CLANG_ANALYZER_NUMBER_OBJECT_CONVERSION = YES_AGGRESSIVE;
				CLANG_CXX_LANGUAGE_STANDARD = "gnu++14";
				CLANG_CXX_LIBRARY = "libc++";
				CLANG_ENABLE_MODULES = YES;
				CLANG_ENABLE_OBJC_ARC = YES;
				CLANG_ENABLE_OBJC_WEAK = YES;
				CLANG_WARN_BLOCK_CAPTURE_AUTORELEASING = YES;
				CLANG_WARN_BOOL_CONVERSION = YES;
				CLANG_WARN_COMMA = YES;
				CLANG_WARN_CONSTANT_CONVERSION = YES;
				CLANG_WARN_DEPRECATED_OBJC_IMPLEMENTATIONS = YES;
				CLANG_WARN_DIRECT_OBJC_ISA_USAGE = YES_ERROR;
				CLANG_WARN_DOCUMENTATION_COMMENTS = YES;
				CLANG_WARN_EMPTY_BODY = YES;
				CLANG_WARN_ENUM_CONVERSION = YES;
				CLANG_WARN_INFINITE_RECURSION = YES;
				CLANG_WARN_INT_CONVERSION = YES;
				CLANG_WARN_NON_LITERAL_NULL_CONVERSION = YES;
				CLANG_WARN_OBJC_IMPLICIT_RETAIN_SELF = YES;
				CLANG_WARN_OBJC_LITERAL_CONVERSION = YES;
				CLANG_WARN_OBJC_ROOT_CLASS = YES_ERROR;
				CLANG_WARN_QUOTED_INCLUDE_IN_FRAMEWORK_HEADER = YES;
				CLANG_WARN_RANGE_LOOP_ANALYSIS = YES;
				CLANG_WARN_STRICT_PROTOTYPES = YES;
				CLANG_WARN_SUSPICIOUS_MOVE = YES;
				CLANG_WARN_UNGUARDED_AVAILABILITY = YES_AGGRESSIVE;
				CLANG_WARN_UNREACHABLE_CODE = YES;
				CLANG_WARN__DUPLICATE_METHOD_MATCH = YES;
				COPY_PHASE_STRIP = NO;
				DEBUG_INFORMATION_FORMAT = dwarf;
				ENABLE_STRICT_OBJC_MSGSEND = YES;
				ENABLE_TESTABILITY = YES;
				GCC_C_LANGUAGE_STANDARD = gnu11;
				GCC_DYNAMIC_NO_PIC = NO;
				GCC_NO_COMMON_BLOCKS = YES;
				GCC_OPTIMIZATION_LEVEL = 0;
				GCC_PREPROCESSOR_DEFINITIONS = (
					"$(inherited)",
					"DEBUG=1",
				);
				GCC_WARN_64_TO_32_BIT_CONVERSION = YES;
				GCC_WARN_ABOUT_RETURN_TYPE = YES_ERROR;
				GCC_WARN_UNDECLARED_SELECTOR = YES;
				GCC_WARN_UNINITIALIZED_AUTOS = YES_AGGRESSIVE;
				GCC_WARN_UNUSED_FUNCTION = YES;
				GCC_WARN_UNUSED_VARIABLE = YES;
				IPHONEOS_DEPLOYMENT_TARGET = 18.0;
				MTL_ENABLE_DEBUG_INFO = INCLUDE_SOURCE;
				MTL_FAST_MATH = YES;
				ONLY_ACTIVE_ARCH = YES;
				PRODUCT_NAME = "$(TARGET_NAME)";
				SDKROOT = iphoneos;
				SWIFT_ACTIVE_COMPILATION_CONDITIONS = DEBUG;
				SWIFT_OPTIMIZATION_LEVEL = "-Onone";
				SWIFT_VERSION = 5.0;
				TARGETED_DEVICE_FAMILY = "1,2";
			};
			name = Debug;
		};
/* End XCBuildConfiguration section */

/* Begin XCConfigurationList section */
		0FE35DF534A333F911F6112A /* Build configuration list for PBXProject "RiderAppHost" */ = {
			isa = XCConfigurationList;
			buildConfigurations = (
				5EB3F27926233CABD258F14A /* Debug */,
				1FA049DA7656A8C4EA0AFFD6 /* Release */,
			);
			defaultConfigurationIsVisible = 0;
			defaultConfigurationName = Debug;
		};
		D953DA027F478AE062017936 /* Build configuration list for PBXNativeTarget "RiderAppHost" */ = {
			isa = XCConfigurationList;
			buildConfigurations = (
				3187286F0FB87E53DA1E016D /* Debug */,
				353F2C5DB2B76E080892CAD9 /* Release */,
			);
			defaultConfigurationIsVisible = 0;
			defaultConfigurationName = Debug;
		};
/* End XCConfigurationList section */
	};
	rootObject = 1EB51AF51FF899AC119E708E /* Project object */;
}
